
Microsoft Visual Studio Solution File, Format Version 12.00
# Visual Studio 15
VisualStudioVersion = 15.0.27130.2036
MinimumVisualStudioVersion = 10.0.40219.1
Project("{FAE04EC0-301F-11D3-BF4B-00C04F79EFBC}") = "WOIHelper.Gem", "WOIHelper.Gem\WOIHelper.Gem.csproj", "{0B2171BE-5617-4A97-A918-AB176A5B8D71}"
EndProject
Project("{FAE04EC0-301F-11D3-BF4B-00C04F79EFBC}") = "WOIHelper.Services", "WOIHelper.Services\WOIHelper.Services.csproj", "{0E1152C2-8512-45FC-AF11-24A0FD08FDF2}"
EndProject
Project("{FAE04EC0-301F-11D3-BF4B-00C04F79EFBC}") = "WOIHelper.Data", "WOIHelper.Data\WOIHelper.Data.csproj", "{00CDC5F5-E542-44F8-B08E-4DD83EB2D2EB}"
EndProject
Global
	GlobalSection(SolutionConfigurationPlatforms) = preSolution
		Debug|Any CPU = Debug|Any CPU
		Release|Any CPU = Release|Any CPU
	EndGlobalSection
	GlobalSection(ProjectConfigurationPlatforms) = postSolution
		{0B2171BE-5617-4A97-A918-AB176A5B8D71}.Debug|Any CPU.ActiveCfg = Debug|Any CPU
		{0B2171BE-5617-4A97-A918-AB176A5B8D71}.Debug|Any CPU.Build.0 = Debug|Any CPU
		{0B2171BE-5617-4A97-A918-AB176A5B8D71}.Release|Any CPU.ActiveCfg = Release|Any CPU
		{0B2171BE-5617-4A97-A918-AB176A5B8D71}.Release|Any CPU.Build.0 = Release|Any CPU
		{0E1152C2-8512-45FC-AF11-24A0FD08FDF2}.Debug|Any CPU.ActiveCfg = Debug|Any CPU
		{0E1152C2-8512-45FC-AF11-24A0FD08FDF2}.Debug|Any CPU.Build.0 = Debug|Any CPU
		{0E1152C2-8512-45FC-AF11-24A0FD08FDF2}.Release|Any CPU.ActiveCfg = Release|Any CPU
		{0E1152C2-8512-45FC-AF11-24A0FD08FDF2}.Release|Any CPU.Build.0 = Release|Any CPU
		{00CDC5F5-E542-44F8-B08E-4DD83EB2D2EB}.Debug|Any CPU.ActiveCfg = Debug|Any CPU
		{00CDC5F5-E542-44F8-B08E-4DD83EB2D2EB}.Debug|Any CPU.Build.0 = Debug|Any CPU
		{00CDC5F5-E542-44F8-B08E-4DD83EB2D2EB}.Release|Any CPU.ActiveCfg = Release|Any CPU
		{00CDC5F5-E542-44F8-B08E-4DD83EB2D2EB}.Release|Any CPU.Build.0 = Release|Any CPU
	EndGlobalSection
	GlobalSection(SolutionProperties) = preSolution
		HideSolutionNode = FALSE
	EndGlobalSection
	GlobalSection(ExtensibilityGlobals) = postSolution
		SolutionGuid = {7B5EE6AE-0A98-4E49-9EF8-35E3C380A8ED}
	EndGlobalSection
EndGlobal
